[[package]]
name = "appnope"
version = "0.1.0"
description = "Disable App Nap on OS X 10.9"
category = "dev"
optional = false
python-versions = "*"
platform = "UNKNOWN"

[package.requirements]
platform = "darwin"
[[package]]
name = "attrs"
version = "18.1.0"
description = "Classes Without Boilerplate"
category = "dev"
optional = false
python-versions = "*"
platform = "*"

[[package]]
name = "backcall"
version = "0.1.0"
description = "Specifications for callback functions passed in to an API"
category = "dev"
optional = false
python-versions = "*"
platform = "*"

[[package]]
name = "certifi"
version = "2018.4.16"
description = "Python package for providing Mozilla's CA Bundle."
category = "main"
optional = false
python-versions = "*"
platform = "*"

[[package]]
name = "chardet"
version = "3.0.4"
description = "Universal encoding detector for Python 2 and 3"
category = "main"
optional = false
python-versions = "*"
platform = "*"

[[package]]
name = "click"
version = "6.7"
description = "A simple wrapper around optparse for powerful command line utilities."
category = "main"
optional = false
python-versions = "*"
platform = "*"

[[package]]
name = "colorama"
version = "0.3.9"
description = "Cross-platform colored terminal text."
category = "dev"
optional = false
python-versions = "*"
platform = "*"

[package.requirements]
platform = "win32"
[[package]]
name = "decorator"
version = "4.3.0"
description = "Better living through Python with decorators"
category = "dev"
optional = false
python-versions = "*"
platform = "*"

[[package]]
name = "feedparser"
version = "5.2.1"
description = "Universal feed parser, handles RSS 0.9x, RSS 1.0, RSS 2.0, CDF, Atom 0.3, and Atom 1.0 feeds"
category = "main"
optional = false
python-versions = "*"
platform = "*"

[[package]]
name = "flake8"
version = "3.5.0"
description = "the modular source code checker: pep8, pyflakes and co"
category = "dev"
optional = false
python-versions = "*"
platform = "*"

[package.dependencies]
enum34 = "*"
configparser = "*"
pyflakes = ">= 1.5.0.0, < 1.7.0.0"
pycodestyle = ">= 2.0.0.0, < 2.4.0.0"
mccabe = ">= 0.6.0.0, < 0.7.0.0"
[[package]]
name = "idna"
version = "2.6"
description = "Internationalized Domain Names in Applications (IDNA)"
category = "main"
optional = false
python-versions = "*"
platform = "*"

[[package]]
name = "ipdb"
version = "0.11"
description = "IPython-enabled pdb"
category = "dev"
optional = false
python-versions = ">=2.7"
platform = "*"

[[package]]
name = "ipython"
version = "6.4.0"
description = "IPython: Productive Interactive Computing"
category = "dev"
optional = false
python-versions = ">=3.3"
platform = "*"

[package.dependencies]
win-unicode-console = ">= 0.5.0.0"
colorama = "*"
appnope = "*"
pexpect = "*"
pathlib2 = "*"
typing = "*"
backcall = "*"
pygments = "*"
prompt-toolkit = "< 2.0.0.0, >= 1.0.15.0"
traitlets = ">= 4.2.0.0"
simplegeneric = "> 0.8.0.0"
pickleshare = "*"
decorator = "*"
jedi = ">= 0.10.0.0"
setuptools = ">= 18.5.0.0"
[[package]]
name = "ipython-genutils"
version = "0.2.0"
description = "Vestigial utilities from IPython"
category = "dev"
optional = false
python-versions = "*"
platform = "*"

[[package]]
name = "jedi"
version = "0.12.0"
description = "An autocompletion tool for Python that can be used for text editors."
category = "dev"
optional = false
python-versions = ">=2.7, !=3.0.*, !=3.1.*, !=3.2.*"
platform = "*"

[package.dependencies]
parso = ">= 0.2.0.0"
[[package]]
name = "jsonschema"
version = "2.6.0"
description = "An implementation of JSON Schema validation for Python"
category = "main"
optional = false
python-versions = "*"
platform = "*"

[package.dependencies]
functools32 = "*"
[[package]]
name = "mccabe"
version = "0.6.1"
description = "McCabe checker, plugin for flake8"
category = "dev"
optional = false
python-versions = "*"
platform = "*"

[[package]]
name = "more-itertools"
version = "4.1.0"
description = "More routines for operating on iterables, beyond itertools"
category = "dev"
optional = false
python-versions = "*"
platform = "*"

[package.dependencies]
six = "< 2.0.0.0, >= 1.0.0.0"
[[package]]
name = "mypy"
version = "0.600"
description = "Optional static typing for Python"
category = "dev"
optional = false
python-versions = "*"
platform = "*"

[package.dependencies]
typing = ">= 3.5.3.0"
typed-ast = "< 1.2.0.0, >= 1.1.0.0"
[[package]]
name = "parso"
version = "0.2.0"
description = "A Python Parser"
category = "dev"
optional = false
python-versions = "*"
platform = "*"

[[package]]
name = "pexpect"
version = "4.5.0"
description = "Pexpect allows easy control of interactive console applications."
category = "dev"
optional = false
python-versions = "*"
platform = "UNIX"

[package.dependencies]
ptyprocess = ">= 0.5.0.0"
[package.requirements]
platform = "!=win32"
[[package]]
name = "pickleshare"
version = "0.7.4"
description = "Tiny 'shelve'-like database with concurrency support"
category = "dev"
optional = false
python-versions = "*"
platform = "*"

[package.dependencies]
pathlib2 = "*"
[[package]]
name = "pluggy"
version = "0.6.0"
description = "plugin and hook calling mechanisms for python"
category = "dev"
optional = false
python-versions = ">=2.7, !=3.0.*, !=3.1.*, !=3.2.*, !=3.3.*"
platform = "*"

[[package]]
name = "prompt-toolkit"
version = "1.0.15"
description = "Library for building powerful interactive command lines in Python"
category = "dev"
optional = false
python-versions = "*"
platform = "*"

[package.dependencies]
six = ">= 1.9.0.0"
wcwidth = "*"
[[package]]
name = "ptyprocess"
version = "0.5.2"
description = "Run a subprocess in a pseudo terminal"
category = "dev"
optional = false
python-versions = "*"
platform = "*"

[package.requirements]
platform = "!=win32"
[[package]]
name = "py"
version = "1.5.3"
description = "library with cross-python path, ini-parsing, io, code, log facilities"
category = "dev"
optional = false
python-versions = ">=2.7, !=3.0.*, !=3.1.*, !=3.2.*, !=3.3.*"
platform = "*"

[[package]]
name = "pycodestyle"
version = "2.3.1"
description = "Python style guide checker"
category = "dev"
optional = false
python-versions = "*"
platform = "*"

[[package]]
name = "pyflakes"
version = "1.6.0"
description = "passive checker of Python programs"
category = "dev"
optional = false
python-versions = "*"
platform = "*"

[[package]]
name = "pygments"
version = "2.2.0"
description = "Pygments is a syntax highlighting package written in Python."
category = "dev"
optional = false
python-versions = "*"
platform = "*"

[[package]]
name = "pytest"
version = "3.5.1"
description = "pytest: simple powerful testing with Python"
category = "dev"
optional = false
python-versions = ">=2.7, !=3.0.*, !=3.1.*, !=3.2.*, !=3.3.*"
platform = "*"

[package.dependencies]
colorama = "*"
funcsigs = "*"
pluggy = "< 0.7.0.0, >= 0.5.0.0"
more-itertools = ">= 4.0.0.0"
attrs = ">= 17.4.0.0"
setuptools = "*"
six = ">= 1.10.0.0"
py = ">= 1.5.0.0"
[[package]]
name = "requests"
version = "2.18.4"
description = "Python HTTP for Humans."
category = "main"
optional = false
python-versions = "*"
platform = "*"

[package.dependencies]
certifi = ">= 2017.4.17.0"
chardet = ">= 3.0.2.0, < 3.1.0.0"
idna = ">= 2.5.0.0, < 2.7.0.0"
urllib3 = "< 1.23.0.0, >= 1.21.1.0"
[[package]]
name = "rope"
version = "0.10.7"
description = "a python refactoring library..."
category = "dev"
optional = false
python-versions = "*"
platform = "*"

[[package]]
name = "simplegeneric"
version = "0.8.1"
description = "Simple generic functions (similar to Python's own len(), pickle.dump(), etc.)"
category = "dev"
optional = false
python-versions = "*"
platform = "*"

[[package]]
name = "six"
version = "1.11.0"
description = "Python 2 and 3 compatibility utilities"
category = "dev"
optional = false
python-versions = "*"
platform = "*"

[[package]]
name = "traitlets"
version = "4.3.2"
description = "Traitlets Python config system"
category = "dev"
optional = false
python-versions = "*"
platform = "*"

[package.dependencies]
decorator = "*"
ipython-genutils = "*"
six = "*"
enum34 = "*"
[[package]]
name = "typed-ast"
version = "1.1.0"
description = "a fork of Python 2 and 3 ast modules with type comment support"
category = "dev"
optional = false
python-versions = "*"
platform = "*"

[[package]]
name = "urllib3"
version = "1.22"
description = "HTTP library with thread-safe connection pooling, file post, and more."
category = "main"
optional = false
python-versions = "*"
platform = "*"

[[package]]
name = "wcwidth"
version = "0.1.7"
description = "Measures number of Terminal column cells of wide-character codes"
category = "dev"
optional = false
python-versions = "*"
platform = "*"

[metadata]
python-versions = "^3.6"
platform = "*"
content-hash = "ca1ca23840ec3f4b6f2b66938c4845a64e2374a3c7da15ffabb86e8782a8c5b0"

[metadata.hashes]
appnope = [ "5b26757dc6f79a3b7dc9fab95359328d5747fcb2409d331ea66d0272b90ab2a0", "8b995ffe925347a2138d7ac0fe77155e4311a0ea6d6da4f5128fe4b3cbe5ed71",]
attrs = [ "4b90b09eeeb9b88c35bc642cbac057e45a5fd85367b985bd2809c62b7b939265", "e0d0eb91441a3b53dab4d9b743eafc1ac44476296a2053b6ca3af0b139faf87b",]
backcall = [ "38ecd85be2c1e78f77fd91700c76e14667dc21e2713b63876c0eb901196e01e4", "bbbf4b1e5cd2bdb08f915895b51081c041bac22394fdfcfdfbe9f14b77c08bf2",]
certifi = [ "9fa520c1bacfb634fa7af20a76bcbd3d5fb390481724c597da32c719a7dca4b0", "13e698f54293db9f89122b0581843a782ad0934a4fe0172d2a980ba77fc61bb7",]
chardet = [ "fc323ffcaeaed0e0a02bf4d117757b98aed530d9ed4531e3e15460124c106691", "84ab92ed1c4d4f16916e05906b6b75a6c0fb5db821cc65e70cbd64a3e2a5eaae",]
click = [ "29f99fc6125fbc931b758dc053b3114e55c77a6e4c6c3a2674a2dc986016381d", "f15516df478d5a56180fbf80e68f206010e6d160fc39fa508b65e035fd75130b",]
colorama = [ "463f8483208e921368c9f306094eb6f725c6ca42b0f97e313cb5d5512459feda", "48eb22f4f8461b1df5734a074b57042430fb06e1d61bd1e11b078c0fe6d7a1f1",]
decorator = [ "2c51dff8ef3c447388fe5e4453d24a2bf128d3a4c32af3fabef1f01c6851ab82", "c39efa13fbdeb4506c476c9b3babf6a718da943dab7811c206005a4a956c080c",]
feedparser = [ "ce875495c90ebd74b179855449040003a1beb40cd13d5f037a0654251e260b02", "bd030652c2d08532c034c27fcd7c85868e7fa3cb2b17f230a44a6bbc92519bf9", "cd2485472e41471632ed3029d44033ee420ad0b57111db95c240c9160a85831c",]
flake8 = [ "c7841163e2b576d435799169b78703ad6ac1bbb0f199994fc05f700b2a90ea37", "7253265f7abd8b313e3892944044a365e3f4ac3fcdcfb4298f55ee9ddf188ba0",]
idna = [ "8c7309c718f94b3a625cb648ace320157ad16ff131ae0af362c9f21b80ef6ec4", "2c6a5de3089009e3da7c5dde64a141dbc8551d5b7f6cf4ed7c2568d0cc520a8f",]
ipdb = [ "7081c65ed7bfe7737f83fa4213ca8afd9617b42ff6b3f1daf9a3419839a2a00a",]
ipython = [ "a0c96853549b246991046f32d19db7140f5b1a644cc31f0dc1edc86713b7676f", "eca537aa61592aca2fef4adea12af8e42f5c335004dfa80c78caf80e8b525e5c",]
ipython-genutils = [ "72dd37233799e619666c9f639a9da83c34013a73e8bbc79a7a6348d93c61fab8", "eb2e116e75ecef9d4d228fdc66af54269afa26ab4463042e33785b887c628ba8",]
jedi = [ "5861f6dc0c16e024cbb0044999f9cf8013b292c05f287df06d3d991a87a4eb89", "1972f694c6bc66a2fac8718299e2ab73011d653a6d8059790c3476d2353b99ad",]
jsonschema = [ "000e68abd33c972a5248544925a0cae7d1125f9bf6c58280d37546b946769a08", "6ff5f3180870836cae40f06fa10419f557208175f13ad7bc26caa77beb1f6e02",]
mccabe = [ "ab8a6258860da4b6677da4bd2fe5dc2c659cff31b3ee4f7f5d64e79735b80d42", "dd8d182285a0fe56bace7f45b5e7d1a6ebcbf524e8f3bd87eb0f125271b8831f",]
more-itertools = [ "11a625025954c20145b37ff6309cd54e39ca94f72f6bb9576d1195db6fa2442e", "0dd8f72eeab0d2c3bd489025bb2f6a1b8342f9b198f6fc37b52d15cfa4531fea", "c9ce7eccdcb901a2c75d326ea134e0886abfbea5f93e91cc95de9507c0816c44",]
mypy = [ "01cf289838f266ae7c6550c813181ee77d21eac9459dbf067e7a95a0a2db9721", "bc251cb31bc236d9fe4bcc442c994c45fff2541f7161ee52dc949741fe9ca3dd",]
parso = [ "a75a304d7090d2c67bd298091c14ef9d3d560e3c53de1c239617889f61d1d307", "62bd6bf7f04ab5c817704ff513ef175328676471bdef3629d4bdd46626f75551",]
pexpect = [ "9783f4644a3ef8528a6f20374eeb434431a650c797ca6d8df0d81e30fffdfa24", "9f8eb3277716a01faafaba553d629d3d60a1a624c7cf45daa600d2148c30020c",]
pickleshare = [ "c9a2541f25aeabc070f12f452e1f2a8eae2abd51e1cd19e8430402bdf4c1d8b5", "84a9257227dfdd6fe1b4be1319096c20eb85ff1e82c7932f36efccfe1b09737b",]
pluggy = [ "d345c8fe681115900d6da8d048ba67c25df42973bda370783cd58826442dcd7c", "e160a7fcf25762bb60efc7e171d4497ff1d8d2d75a3d0df7a21b76821ecbf5c5", "7f8ae7f5bdf75671a718d2daf0a64b7885f74510bcd98b1a0bb420eb9a9d0cff",]
prompt-toolkit = [ "3f473ae040ddaa52b52f97f6b4a493cfa9f5920c255a12dc56a7d34397a398a4", "1df952620eccb399c53ebb359cc7d9a8d3a9538cb34c5a1344bdbeb29fbcc381", "858588f1983ca497f1cf4ffde01d978a3ea02b01c8a26a8bbc5cd2e66d816917",]
ptyprocess = [ "e8c43b5eee76b2083a9badde89fd1bbce6c8942d1045146e100b7b5e014f4f1a", "e64193f0047ad603b71f202332ab5527c5e52aa7c8b609704fc28c0dc20c4365",]
py = [ "983f77f3331356039fdd792e9220b7b8ee1aa6bd2b25f567a963ff1de5a64f6a", "29c9fab495d7528e80ba1e343b958684f4ace687327e6f789a94bf3d1915f881",]
pycodestyle = [ "6c4245ade1edfad79c3446fadfc96b0de2759662dc29d07d80a6f27ad1ca6ba9", "682256a5b318149ca0d2a9185d365d8864a768a28db66a84a2ea946bcc426766",]
pyflakes = [ "08bd6a50edf8cffa9fa09a463063c425ecaaf10d1eb0335a7e8b1401aef89e6f", "8d616a382f243dbf19b54743f280b80198be0bca3a5396f1d2e1fca6223e8805",]
pygments = [ "78f3f434bcc5d6ee09020f92ba487f95ba50f1e3ef83ae96b9d5ffa1bab25c5d", "dbae1046def0efb574852fab9e90209b23f556367b5a320c0bcb871c77c3e8cc",]
pytest = [ "829230122facf05a5f81a6d4dfe6454a04978ea3746853b2b84567ecf8e5c526", "54713b26c97538db6ff0703a12b19aeaeb60b5e599de542e7fca0ec83b9038e8",]
requests = [ "6a1b267aa90cac58ac3a765d067950e7dbbf75b1da07e895d1f594193a40a38b", "9c443e7324ba5b85070c4a818ade28bfabedf16ea10206da1132edaa6dda237e",]
rope = [ "a09edfd2034fd50099a67822f9bd851fbd0f4e98d3b87519f6267b60e50d80d1",]
simplegeneric = [ "dc972e06094b9af5b855b3df4a646395e43d1c9d0d39ed345b7393560d0b9173",]
six = [ "832dc0e10feb1aa2c68dcc57dbb658f1c7e65b9b61af69048abc87a2db00a0eb", "70e8a77beed4562e7f14fe23a786b54f6296e34344c23bc42f07b15018ff98e9",]
traitlets = [ "c6cb5e6f57c5a9bdaa40fa71ce7b4af30298fbab9ece9815b5d995ab6217c7d9", "9c4bd2d267b7153df9152698efb1050a5d84982d3384a37b2c1f7723ba3e7835",]
typed-ast = [ "0948004fa228ae071054f5208840a1e88747a357ec1101c17217bfe99b299d58", "25d8feefe27eb0303b73545416b13d108c6067b846b543738a25ff304824ed9a", "c05b41bc1deade9f90ddc5d988fe506208019ebba9f2578c622516fd201f5863", "519425deca5c2b2bdac49f77b2c5625781abbaf9a809d727d3a5596b30bb4ded", "6de012d2b166fe7a4cdf505eee3aaa12192f7ba365beeefaca4ec10e31241a85", "79b91ebe5a28d349b6d0d323023350133e927b4de5b651a8aa2db69c761420c6", "a8034021801bc0440f2e027c354b4eafd95891b573e12ff0418dec385c76785c", "f19f2a4f547505fe9072e15f6f4ae714af51b5a681a97f187971f50c283193b6", "c9b060bd1e5a26ab6e8267fd46fc9e02b54eb15fffb16d112d4c7b1c12987559", "2e214b72168ea0275efd6c884b114ab42e316de3ffa125b267e732ed2abda892", "bc978ac17468fe868ee589c795d06777f75496b1ed576d308002c8a5756fb9ea", "edb04bdd45bfd76c8292c4d9654568efaedf76fe78eb246dde69bdb13b2dad87", "668d0cec391d9aed1c6a388b0d5b97cd22e6073eaa5fbaa6d2946603b4871efe", "29464a177d56e4e055b5f7b629935af7f49c196be47528cc94e0a7bf83fbc2b9", "8550177fa5d4c1f09b5e5f524411c44633c80ec69b24e0e98906dd761941ca46", "3e0d5e48e3a23e9a4d1a9f698e32a542a4a288c871d33ed8df1b092a40f3a0f9", "68ba70684990f59497680ff90d18e756a47bf4863c604098f10de9716b2c0bdd", "57fe287f0cdd9ceaf69e7b71a2e94a24b5d268b35df251a88fef5cc241bf73aa",]
urllib3 = [ "06330f386d6e4b195fbfc736b297f58c5a892e4440e54d294d7004e3a9bbea1b", "cc44da8e1145637334317feebd728bd869a35285b93cbb4cca2577da7e62db4f",]
wcwidth = [ "f4ebe71925af7b40a864553f761ed559b43544f8f71746c2d756c7fe788ade7c", "3df37372226d6e63e1b1e1eda15c594bca98a22d33a23832a90998faa96bc65e",]
